// !$*UTF8*$!
{
	archiveVersion = 1;
	classes = {
	};
	objectVersion = 56;
	objects = {

/* Begin PBXBuildFile section */
		52869C0D2BCF9EC900AFE0C7 /* CoffeshopListApp.swift in Sources */ = {isa = PBXBuildFile; fileRef = 52869C0C2BCF9EC900AFE0C7 /* CoffeshopListApp.swift */; };
		52869C0F2BCF9EC900AFE0C7 /* ContentView.swift in Sources */ = {isa = PBXBuildFile; fileRef = 52869C0E2BCF9EC900AFE0C7 /* ContentView.swift */; };
		52869C112BCF9ECA00AFE0C7 /* Assets.xcassets in Resources */ = {isa = PBXBuildFile; fileRef = 52869C102BCF9ECA00AFE0C7 /* Assets.xcassets */; };
		52869C142BCF9ECA00AFE0C7 /* Preview Assets.xcassets in Resources */ = {isa = PBXBuildFile; fileRef = 52869C132BCF9ECA00AFE0C7 /* Preview Assets.xcassets */; };
		52869C1F2BCF9F8F00AFE0C7 /* Coffeeshop.swift in Sources */ = {isa = PBXBuildFile; fileRef = 52869C1E2BCF9F8F00AFE0C7 /* Coffeeshop.swift */; };
		52869C222BCFA19500AFE0C7 /* CoffeeshopListComponent.swift in Sources */ = {isa = PBXBuildFile; fileRef = 52869C212BCFA19500AFE0C7 /* CoffeeshopListComponent.swift */; };
		52869C242BCFA93300AFE0C7 /* DetailCoffeeshopView.swift in Sources */ = {isa = PBXBuildFile; fileRef = 52869C232BCFA93300AFE0C7 /* DetailCoffeeshopView.swift */; };
		52869C262BCFA94900AFE0C7 /* HeaderCoffeeshopComponent.swift in Sources */ = {isa = PBXBuildFile; fileRef = 52869C252BCFA94900AFE0C7 /* HeaderCoffeeshopComponent.swift */; };
		52869C292BCFB3DB00AFE0C7 /* RandomColor.swift in Sources */ = {isa = PBXBuildFile; fileRef = 52869C282BCFB3DB00AFE0C7 /* RandomColor.swift */; };
/* End PBXBuildFile section */

/* Begin PBXFileReference section */
		52869C092BCF9EC900AFE0C7 /* CoffeshopList.app */ = {isa = PBXFileReference; explicitFileType = wrapper.application; includeInIndex = 0; path = CoffeshopList.app; sourceTree = BUILT_PRODUCTS_DIR; };
		52869C0C2BCF9EC900AFE0C7 /* CoffeshopListApp.swift */ = {isa = PBXFileReference; lastKnownFileType = sourcecode.swift; path = CoffeshopListApp.swift; sourceTree = "<group>"; };
		52869C0E2BCF9EC900AFE0C7 /* ContentView.swift */ = {isa = PBXFileReference; lastKnownFileType = sourcecode.swift; path = ContentView.swift; sourceTree = "<group>"; };
		52869C102BCF9ECA00AFE0C7 /* Assets.xcassets */ = {isa = PBXFileReference; lastKnownFileType = folder.assetcatalog; path = Assets.xcassets; sourceTree = "<group>"; };
		52869C132BCF9ECA00AFE0C7 /* Preview Assets.xcassets */ = {isa = PBXFileReference; lastKnownFileType = folder.assetcatalog; path = "Preview Assets.xcassets"; sourceTree = "<group>"; };
		52869C1E2BCF9F8F00AFE0C7 /* Coffeeshop.swift */ = {isa = PBXFileReference; lastKnownFileType = sourcecode.swift; path = Coffeeshop.swift; sourceTree = "<group>"; };
		52869C212BCFA19500AFE0C7 /* CoffeeshopListComponent.swift */ = {isa = PBXFileReference; lastKnownFileType = sourcecode.swift; path = CoffeeshopListComponent.swift; sourceTree = "<group>"; };
		52869C232BCFA93300AFE0C7 /* DetailCoffeeshopView.swift */ = {isa = PBXFileReference; lastKnownFileType = sourcecode.swift; path = DetailCoffeeshopView.swift; sourceTree = "<group>"; };
		52869C252BCFA94900AFE0C7 /* HeaderCoffeeshopComponent.swift */ = {isa = PBXFileReference; lastKnownFileType = sourcecode.swift; path = HeaderCoffeeshopComponent.swift; sourceTree = "<group>"; };
		52869C282BCFB3DB00AFE0C7 /* RandomColor.swift */ = {isa = PBXFileReference; lastKnownFileType = sourcecode.swift; path = RandomColor.swift; sourceTree = "<group>"; };
/* End PBXFileReference section */

/* Begin PBXFrameworksBuildPhase section */
		52869C062BCF9EC900AFE0C7 /* Frameworks */ = {
			isa = PBXFrameworksBuildPhase;
			buildActionMask = 2147483647;
			files = (
			);
			runOnlyForDeploymentPostprocessing = 0;
		};
/* End PBXFrameworksBuildPhase section */

/* Begin PBXGroup section */
		52869C002BCF9EC900AFE0C7 = {
			isa = PBXGroup;
			children = (
				52869C0B2BCF9EC900AFE0C7 /* CoffeshopList */,
				52869C0A2BCF9EC900AFE0C7 /* Products */,
			);
			sourceTree = "<group>";
		};
		52869C0A2BCF9EC900AFE0C7 /* Products */ = {
			isa = PBXGroup;
			children = (
				52869C092BCF9EC900AFE0C7 /* CoffeshopList.app */,
			);
			name = Products;
			sourceTree = "<group>";
		};
		52869C0B2BCF9EC900AFE0C7 /* CoffeshopList */ = {
			isa = PBXGroup;
			children = (
				52869C272BCFB3C300AFE0C7 /* Utility */,
				52869C1C2BCF9EE400AFE0C7 /* Model */,
				52869C1A2BCF9ED100AFE0C7 /* App */,
				52869C1B2BCF9ED900AFE0C7 /* View */,
				52869C1D2BCF9EF200AFE0C7 /* Resources */,
				52869C122BCF9ECA00AFE0C7 /* Preview Content */,
			);
			path = CoffeshopList;
			sourceTree = "<group>";
		};
		52869C122BCF9ECA00AFE0C7 /* Preview Content */ = {
			isa = PBXGroup;
			children = (
				52869C132BCF9ECA00AFE0C7 /* Preview Assets.xcassets */,
			);
			path = "Preview Content";
			sourceTree = "<group>";
		};
		52869C1A2BCF9ED100AFE0C7 /* App */ = {
			isa = PBXGroup;
			children = (
				52869C0C2BCF9EC900AFE0C7 /* CoffeshopListApp.swift */,
			);
			path = App;
			sourceTree = "<group>";
		};
		52869C1B2BCF9ED900AFE0C7 /* View */ = {
			isa = PBXGroup;
			children = (
				52869C202BCFA15100AFE0C7 /* Component */,
				52869C0E2BCF9EC900AFE0C7 /* ContentView.swift */,
				52869C232BCFA93300AFE0C7 /* DetailCoffeeshopView.swift */,
			);
			path = View;
			sourceTree = "<group>";
		};
		52869C1C2BCF9EE400AFE0C7 /* Model */ = {
			isa = PBXGroup;
			children = (
				52869C1E2BCF9F8F00AFE0C7 /* Coffeeshop.swift */,
			);
			path = Model;
			sourceTree = "<group>";
		};
		52869C1D2BCF9EF200AFE0C7 /* Resources */ = {
			isa = PBXGroup;
			children = (
				52869C102BCF9ECA00AFE0C7 /* Assets.xcassets */,
			);
			path = Resources;
			sourceTree = "<group>";
		};
		52869C202BCFA15100AFE0C7 /* Component */ = {
			isa = PBXGroup;
			children = (
				52869C212BCFA19500AFE0C7 /* CoffeeshopListComponent.swift */,
				52869C252BCFA94900AFE0C7 /* HeaderCoffeeshopComponent.swift */,
			);
			path = Component;
			sourceTree = "<group>";
		};
		52869C272BCFB3C300AFE0C7 /* Utility */ = {
			isa = PBXGroup;
			children = (
				52869C282BCFB3DB00AFE0C7 /* RandomColor.swift */,
			);
			path = Utility;
			sourceTree = "<group>";
		};
/* End PBXGroup section */

/* Begin PBXNativeTarget section */
		52869C082BCF9EC900AFE0C7 /* CoffeshopList */ = {
			isa = PBXNativeTarget;
			buildConfigurationList = 52869C172BCF9ECA00AFE0C7 /* Build configuration list for PBXNativeTarget "CoffeshopList" */;
			buildPhases = (
				52869C052BCF9EC900AFE0C7 /* Sources */,
				52869C062BCF9EC900AFE0C7 /* Frameworks */,
				52869C072BCF9EC900AFE0C7 /* Resources */,
			);
			buildRules = (
			);
			dependencies = (
			);
			name = CoffeshopList;
			productName = CoffeshopList;
			productReference = 52869C092BCF9EC900AFE0C7 /* CoffeshopList.app */;
			productType = "com.apple.product-type.application";
		};
/* End PBXNativeTarget section */

/* Begin PBXProject section */
		52869C012BCF9EC900AFE0C7 /* Project object */ = {
			isa = PBXProject;
			attributes = {
				BuildIndependentTargetsInParallel = 1;
				LastSwiftUpdateCheck = 1530;
				LastUpgradeCheck = 1530;
				TargetAttributes = {
					52869C082BCF9EC900AFE0C7 = {
						CreatedOnToolsVersion = 15.3;
					};
				};
			};
			buildConfigurationList = 52869C042BCF9EC900AFE0C7 /* Build configuration list for PBXProject "CoffeshopList" */;
			compatibilityVersion = "Xcode 14.0";
			developmentRegion = en;
			hasScannedForEncodings = 0;
			knownRegions = (
				en,
				Base,
			);
			mainGroup = 52869C002BCF9EC900AFE0C7;
			productRefGroup = 52869C0A2BCF9EC900AFE0C7 /* Products */;
			projectDirPath = "";
			projectRoot = "";
			targets = (
				52869C082BCF9EC900AFE0C7 /* CoffeshopList */,
			);
		};
/* End PBXProject section */

/* Begin PBXResourcesBuildPhase section */
		52869C072BCF9EC900AFE0C7 /* Resources */ = {
			isa = PBXResourcesBuildPhase;
			buildActionMask = 2147483647;
			files = (
				52869C142BCF9ECA00AFE0C7 /* Preview Assets.xcassets in Resources */,
				52869C112BCF9ECA00AFE0C7 /* Assets.xcassets in Resources */,
			);
			runOnlyForDeploymentPostprocessing = 0;
		};
/* End PBXResourcesBuildPhase section */

/* Begin PBXSourcesBuildPhase section */
		52869C052BCF9EC900AFE0C7 /* Sources */ = {
			isa = PBXSourcesBuildPhase;
			buildActionMask = 2147483647;
			files = (
				52869C0F2BCF9EC900AFE0C7 /* ContentView.swift in Sources */,
				52869C222BCFA19500AFE0C7 /* CoffeeshopListComponent.swift in Sources */,
				52869C0D2BCF9EC900AFE0C7 /* CoffeshopListApp.swift in Sources */,
				52869C1F2BCF9F8F00AFE0C7 /* Coffeeshop.swift in Sources */,
				52869C262BCFA94900AFE0C7 /* HeaderCoffeeshopComponent.swift in Sources */,
				52869C242BCFA93300AFE0C7 /* DetailCoffeeshopView.swift in Sources */,
				52869C292BCFB3DB00AFE0C7 /* RandomColor.swift in Sources */,
			);
			runOnlyForDeploymentPostprocessing = 0;
		};
/* End PBXSourcesBuildPhase section */

/* Begin XCBuildConfiguration section */
		52869C152BCF9ECA00AFE0C7 /* Debug */ = {
			isa = XCBuildConfiguration;
			buildSettings = {
				ALWAYS_SEARCH_USER_PATHS = NO;
				ASSETCATALOG_COMPILER_GENERATE_SWIFT_ASSET_SYMBOL_EXTENSIONS = YES;
				CLANG_ANALYZER_NONNULL = YES;
				CLANG_ANALYZER_NUMBER_OBJECT_CONVERSION = YES_AGGRESSIVE;
				CLANG_CXX_LANGUAGE_STANDARD = "gnu++20";
				CLANG_ENABLE_MODULES = YES;
				CLANG_ENABLE_OBJC_ARC = YES;
				CLANG_ENABLE_OBJC_WEAK = YES;
				CLANG_WARN_BLOCK_CAPTURE_AUTORELEASING = YES;
				CLANG_WARN_BOOL_CONVERSION = YES;
				CLANG_WARN_COMMA = YES;
				CLANG_WARN_CONSTANT_CONVERSION = YES;
				CLANG_WARN_DEPRECATED_OBJC_IMPLEMENTATIONS = YES;
				CLANG_WARN_DIRECT_OBJC_ISA_USAGE = YES_ERROR;
				CLANG_WARN_DOCUMENTATION_COMMENTS = YES;
				CLANG_WARN_EMPTY_BODY = YES;
				CLANG_WARN_ENUM_CONVERSION = YES;
				CLANG_WARN_INFINITE_RECURSION = YES;
				CLANG_WARN_INT_CONVERSION = YES;
				CLANG_WARN_NON_LITERAL_NULL_CONVERSION = YES;
				CLANG_WARN_OBJC_IMPLICIT_RETAIN_SELF = YES;
				CLANG_WARN_OBJC_LITERAL_CONVERSION = YES;
				CLANG_WARN_OBJC_ROOT_CLASS = YES_ERROR;
				CLANG_WARN_QUOTED_INCLUDE_IN_FRAMEWORK_HEADER = YES;
				CLANG_WARN_RANGE_LOOP_ANALYSIS = YES;
				CLANG_WARN_STRICT_PROTOTYPES = YES;
				CLANG_WARN_SUSPICIOUS_MOVE = YES;
				CLANG_WARN_UNGUARDED_AVAILABILITY = YES_AGGRESSIVE;
				CLANG_WARN_UNREACHABLE_CODE = YES;
				CLANG_WARN__DUPLICATE_METHOD_MATCH = YES;
				COPY_PHASE_STRIP = NO;
				DEBUG_INFORMATION_FORMAT = dwarf;
				ENABLE_STRICT_OBJC_MSGSEND = YES;
				ENABLE_TESTABILITY = YES;
				ENABLE_USER_SCRIPT_SANDBOXING = YES;
				GCC_C_LANGUAGE_STANDARD = gnu17;
				GCC_DYNAMIC_NO_PIC = NO;
				GCC_NO_COMMON_BLOCKS = YES;
				GCC_OPTIMIZATION_LEVEL = 0;
				GCC_PREPROCESSOR_DEFINITIONS = (
					"DEBUG=1",
					"$(inherited)",
				);
				GCC_WARN_64_TO_32_BIT_CONVERSION = YES;
				GCC_WARN_ABOUT_RETURN_TYPE = YES_ERROR;
				GCC_WARN_UNDECLARED_SELECTOR = YES;
				GCC_WARN_UNINITIALIZED_AUTOS = YES_AGGRESSIVE;
				GCC_WARN_UNUSED_FUNCTION = YES;
				GCC_WARN_UNUSED_VARIABLE = YES;
				IPHONEOS_DEPLOYMENT_TARGET = 17.4;
				LOCALIZATION_PREFERS_STRING_CATALOGS = YES;
				MTL_ENABLE_DEBUG_INFO = INCLUDE_SOURCE;
				MTL_FAST_MATH = YES;
				ONLY_ACTIVE_ARCH = YES;
				SDKROOT = iphoneos;
				SWIFT_ACTIVE_COMPILATION_CONDITIONS = "DEBUG $(inherited)";
				SWIFT_OPTIMIZATION_LEVEL = "-Onone";
			};
			name = Debug;
		};
		52869C162BCF9ECA00AFE0C7 /* Release */ = {
			isa = XCBuildConfiguration;
			buildSettings = {
				ALWAYS_SEARCH_USER_PATHS = NO;
				ASSETCATALOG_COMPILER_GENERATE_SWIFT_ASSET_SYMBOL_EXTENSIONS = YES;
				CLANG_ANALYZER_NONNULL = YES;
				CLANG_ANALYZER_NUMBER_OBJECT_CONVERSION = YES_AGGRESSIVE;
				CLANG_CXX_LANGUAGE_STANDARD = "gnu++20";
				CLANG_ENABLE_MODULES = YES;
				CLANG_ENABLE_OBJC_ARC = YES;
				CLANG_ENABLE_OBJC_WEAK = YES;
				CLANG_WARN_BLOCK_CAPTURE_AUTORELEASING = YES;
				CLANG_WARN_BOOL_CONVERSION = YES;
				CLANG_WARN_COMMA = YES;
				CLANG_WARN_CONSTANT_CONVERSION = YES;
				CLANG_WARN_DEPRECATED_OBJC_IMPLEMENTATIONS = YES;
				CLANG_WARN_DIRECT_OBJC_ISA_USAGE = YES_ERROR;
				CLANG_WARN_DOCUMENTATION_COMMENTS = YES;
				CLANG_WARN_EMPTY_BODY = YES;
				CLANG_WARN_ENUM_CONVERSION = YES;
				CLANG_WARN_INFINITE_RECURSION = YES;
				CLANG_WARN_INT_CONVERSION = YES;
				CLANG_WARN_NON_LITERAL_NULL_CONVERSION = YES;
				CLANG_WARN_OBJC_IMPLICIT_RETAIN_SELF = YES;
				CLANG_WARN_OBJC_LITERAL_CONVERSION = YES;
				CLANG_WARN_OBJC_ROOT_CLASS = YES_ERROR;
				CLANG_WARN_QUOTED_INCLUDE_IN_FRAMEWORK_HEADER = YES;
				CLANG_WARN_RANGE_LOOP_ANALYSIS = YES;
				CLANG_WARN_STRICT_PROTOTYPES = YES;
				CLANG_WARN_SUSPICIOUS_MOVE = YES;
				CLANG_WARN_UNGUARDED_AVAILABILITY = YES_AGGRESSIVE;
				CLANG_WARN_UNREACHABLE_CODE = YES;
				CLANG_WARN__DUPLICATE_METHOD_MATCH = YES;
				COPY_PHASE_STRIP = NO;
				DEBUG_INFORMATION_FORMAT = "dwarf-with-dsym";
				ENABLE_NS_ASSERTIONS = NO;
				ENABLE_STRICT_OBJC_MSGSEND = YES;
				ENABLE_USER_SCRIPT_SANDBOXING = YES;
				GCC_C_LANGUAGE_STANDARD = gnu17;
				GCC_NO_COMMON_BLOCKS = YES;
				GCC_WARN_64_TO_32_BIT_CONVERSION = YES;
				GCC_WARN_ABOUT_RETURN_TYPE = YES_ERROR;
				GCC_WARN_UNDECLARED_SELECTOR = YES;
				GCC_WARN_UNINITIALIZED_AUTOS = YES_AGGRESSIVE;
				GCC_WARN_UNUSED_FUNCTION = YES;
				GCC_WARN_UNUSED_VARIABLE = YES;
				IPHONEOS_DEPLOYMENT_TARGET = 17.4;
				LOCALIZATION_PREFERS_STRING_CATALOGS = YES;
				MTL_ENABLE_DEBUG_INFO = NO;
				MTL_FAST_MATH = YES;
				SDKROOT = iphoneos;
				SWIFT_COMPILATION_MODE = wholemodule;
				VALIDATE_PRODUCT = YES;
			};
			name = Release;
		};
		52869C182BCF9ECA00AFE0C7 /* Debug */ = {
			isa = XCBuildConfiguration;
			buildSettings = {
				ASSETCATALOG_COMPILER_APPICON_NAME = AppIcon;
				ASSETCATALOG_COMPILER_GLOBAL_ACCENT_COLOR_NAME = AccentColor;
				CODE_SIGN_STYLE = Automatic;
				CURRENT_PROJECT_VERSION = 1;
				DEVELOPMENT_ASSET_PATHS = "\"CoffeshopList/Preview Content\"";
				ENABLE_PREVIEWS = YES;
				GENERATE_INFOPLIST_FILE = YES;
				INFOPLIST_KEY_UIApplicationSceneManifest_Generation = YES;
				INFOPLIST_KEY_UIApplicationSupportsIndirectInputEvents = YES;
				INFOPLIST_KEY_UILaunchScreen_Generation = YES;
				INFOPLIST_KEY_UISupportedInterfaceOrientations_iPad = "UIInterfaceOrientationPortrait UIInterfaceOrientationPortraitUpsideDown UIInterfaceOrientationLandscapeLeft UIInterfaceOrientationLandscapeRight";
				INFOPLIST_KEY_UISupportedInterfaceOrientations_iPhone = "UIInterfaceOrientationPortrait UIInterfaceOrientationLandscapeLeft UIInterfaceOrientationLandscapeRight";
				LD_RUNPATH_SEARCH_PATHS = (
					"$(inherited)",
					"@executable_path/Frameworks",
				);
				MARKETING_VERSION = 1.0;
				PRODUCT_BUNDLE_IDENTIFIER = com.dira.CoffeshopList;
				PRODUCT_NAME = "$(TARGET_NAME)";
				SWIFT_EMIT_LOC_STRINGS = YES;
				SWIFT_VERSION = 5.0;
				TARGETED_DEVICE_FAMILY = "1,2";
			};
			name = Debug;
		};
		52869C192BCF9ECA00AFE0C7 /* Release */ = {
			isa = XCBuildConfiguration;
			buildSettings = {
				ASSETCATALOG_COMPILER_APPICON_NAME = AppIcon;
				ASSETCATALOG_COMPILER_GLOBAL_ACCENT_COLOR_NAME = AccentColor;
				CODE_SIGN_STYLE = Automatic;
				CURRENT_PROJECT_VERSION = 1;
				DEVELOPMENT_ASSET_PATHS = "\"CoffeshopList/Preview Content\"";
				ENABLE_PREVIEWS = YES;
				GENERATE_INFOPLIST_FILE = YES;
				INFOPLIST_KEY_UIApplicationSceneManifest_Generation = YES;
				INFOPLIST_KEY_UIApplicationSupportsIndirectInputEvents = YES;
				INFOPLIST_KEY_UILaunchScreen_Generation = YES;
				INFOPLIST_KEY_UISupportedInterfaceOrientations_iPad = "UIInterfaceOrientationPortrait UIInterfaceOrientationPortraitUpsideDown UIInterfaceOrientationLandscapeLeft UIInterfaceOrientationLandscapeRight";
				INFOPLIST_KEY_UISupportedInterfaceOrientations_iPhone = "UIInterfaceOrientationPortrait UIInterfaceOrientationLandscapeLeft UIInterfaceOrientationLandscapeRight";
				LD_RUNPATH_SEARCH_PATHS = (
					"$(inherited)",
					"@executable_path/Frameworks",
				);
				MARKETING_VERSION = 1.0;
				PRODUCT_BUNDLE_IDENTIFIER = com.dira.CoffeshopList;
				PRODUCT_NAME = "$(TARGET_NAME)";
				SWIFT_EMIT_LOC_STRINGS = YES;
				SWIFT_VERSION = 5.0;
				TARGETED_DEVICE_FAMILY = "1,2";
			};
			name = Release;
		};
/* End XCBuildConfiguration section */

/* Begin XCConfigurationList section */
		52869C042BCF9EC900AFE0C7 /* Build configuration list for PBXProject "CoffeshopList" */ = {
			isa = XCConfigurationList;
			buildConfigurations = (
				52869C152BCF9ECA00AFE0C7 /* Debug */,
				52869C162BCF9ECA00AFE0C7 /* Release */,
			);
			defaultConfigurationIsVisible = 0;
			defaultConfigurationName = Release;
		};
		52869C172BCF9ECA00AFE0C7 /* Build configuration list for PBXNativeTarget "CoffeshopList" */ = {
			isa = XCConfigurationList;
			buildConfigurations = (
				52869C182BCF9ECA00AFE0C7 /* Debug */,
				52869C192BCF9ECA00AFE0C7 /* Release */,
			);
			defaultConfigurationIsVisible = 0;
			defaultConfigurationName = Release;
		};
/* End XCConfigurationList section */
	};
	rootObject = 52869C012BCF9EC900AFE0C7 /* Project object */;
}
